
Microsoft Visual Studio Solution File, Format Version 12.00
# Visual Studio Version 17
VisualStudioVersion = 17.0.32126.317
MinimumVisualStudioVersion = 10.0.40219.1
Project("{FAE04EC0-301F-11D3-BF4B-00C04F79EFBC}") = "AF", "AF.csproj", "{BBE3065D-9A31-4D17-9BB9-E92FF46A9C32}"
EndProject
Global
	GlobalSection(SolutionConfigurationPlatforms) = preSolution
		Debug|Any CPU = Debug|Any CPU
		Release|Any CPU = Release|Any CPU
	EndGlobalSection
	GlobalSection(ProjectConfigurationPlatforms) = postSolution
		{BBE3065D-9A31-4D17-9BB9-E92FF46A9C32}.Debug|Any CPU.ActiveCfg = Debug|Any CPU
		{BBE3065D-9A31-4D17-9BB9-E92FF46A9C32}.Debug|Any CPU.Build.0 = Debug|Any CPU
		{BBE3065D-9A31-4D17-9BB9-E92FF46A9C32}.Release|Any CPU.ActiveCfg = Release|Any CPU
		{BBE3065D-9A31-4D17-9BB9-E92FF46A9C32}.Release|Any CPU.Build.0 = Release|Any CPU
	EndGlobalSection
	GlobalSection(SolutionProperties) = preSolution
		HideSolutionNode = FALSE
	EndGlobalSection
	GlobalSection(ExtensibilityGlobals) = postSolution
		SolutionGuid = {CAE48885-AF95-4E9C-8A1A-E0D6337BB68F}
	EndGlobalSection
EndGlobal
